
Microsoft Visual Studio Solution File, Format Version 12.00
# Visual Studio 15
VisualStudioVersion = 15.0.28010.2048
MinimumVisualStudioVersion = 10.0.40219.1
Project("{FAE04EC0-301F-11D3-BF4B-00C04F79EFBC}") = "PhoneBookCommonLib", "PhoneBookCommonLib\PhoneBookCommonLib.csproj", "{DF641D4D-B9B4-4D62-81CB-246A9AAA87D3}"
EndProject
Project("{FAE04EC0-301F-11D3-BF4B-00C04F79EFBC}") = "PhoneBookServer", "PhoneBookServer\PhoneBookServer.csproj", "{4D82988C-7875-42F4-B5F2-5A196CC766C9}"
EndProject
Global
	GlobalSection(SolutionConfigurationPlatforms) = preSolution
		Debug|Any CPU = Debug|Any CPU
		Release|Any CPU = Release|Any CPU
	EndGlobalSection
	GlobalSection(ProjectConfigurationPlatforms) = postSolution
		{DF641D4D-B9B4-4D62-81CB-246A9AAA87D3}.Debug|Any CPU.ActiveCfg = Debug|Any CPU
		{DF641D4D-B9B4-4D62-81CB-246A9AAA87D3}.Debug|Any CPU.Build.0 = Debug|Any CPU
		{DF641D4D-B9B4-4D62-81CB-246A9AAA87D3}.Release|Any CPU.ActiveCfg = Release|Any CPU
		{DF641D4D-B9B4-4D62-81CB-246A9AAA87D3}.Release|Any CPU.Build.0 = Release|Any CPU
		{4D82988C-7875-42F4-B5F2-5A196CC766C9}.Debug|Any CPU.ActiveCfg = Debug|Any CPU
		{4D82988C-7875-42F4-B5F2-5A196CC766C9}.Debug|Any CPU.Build.0 = Debug|Any CPU
		{4D82988C-7875-42F4-B5F2-5A196CC766C9}.Release|Any CPU.ActiveCfg = Release|Any CPU
		{4D82988C-7875-42F4-B5F2-5A196CC766C9}.Release|Any CPU.Build.0 = Release|Any CPU
	EndGlobalSection
	GlobalSection(SolutionProperties) = preSolution
		HideSolutionNode = FALSE
	EndGlobalSection
	GlobalSection(ExtensibilityGlobals) = postSolution
		SolutionGuid = {EE0166E8-5A20-4ABA-B346-2FE75D5C5D9A}
	EndGlobalSection
EndGlobal
